
Microsoft Visual Studio Solution File, Format Version 12.00
# Visual Studio Version 16
VisualStudioVersion = 16.0.31025.194
MinimumVisualStudioVersion = 10.0.40219.1
Project("{FAE04EC0-301F-11D3-BF4B-00C04F79EFBC}") = "LatihanOverloadingMethod", "LatihanOverloadingMethod\LatihanOverloadingMethod.csproj", "{B7821EF6-6E2C-4943-998C-D010D3A7F468}"
EndProject
Global
	GlobalSection(SolutionConfigurationPlatforms) = preSolution
		Debug|Any CPU = Debug|Any CPU
		Release|Any CPU = Release|Any CPU
	EndGlobalSection
	GlobalSection(ProjectConfigurationPlatforms) = postSolution
		{B7821EF6-6E2C-4943-998C-D010D3A7F468}.Debug|Any CPU.ActiveCfg = Debug|Any CPU
		{B7821EF6-6E2C-4943-998C-D010D3A7F468}.Debug|Any CPU.Build.0 = Debug|Any CPU
		{B7821EF6-6E2C-4943-998C-D010D3A7F468}.Release|Any CPU.ActiveCfg = Release|Any CPU
		{B7821EF6-6E2C-4943-998C-D010D3A7F468}.Release|Any CPU.Build.0 = Release|Any CPU
	EndGlobalSection
	GlobalSection(SolutionProperties) = preSolution
		HideSolutionNode = FALSE
	EndGlobalSection
	GlobalSection(ExtensibilityGlobals) = postSolution
		SolutionGuid = {B7409145-FABD-42D8-97D4-228B950C75AD}
	EndGlobalSection
EndGlobal
